version = 1
revision = 3
requires-python = ">=3.10"

[[package]]
name = "metamath-logic"
version = "0.0.1"
source = { editable = "." }
dependencies = [
    { name = "metamath-prelude" },
    { name = "proof-scaffold" },
]

[package.metadata]
requires-dist = [
    { name = "metamath-prelude", editable = "../metamath-prelude" },
    { name = "proof-scaffold", editable = "../proof-scaffold" },
]

[[package]]
name = "metamath-prelude"
version = "0.0.1"
source = { editable = "../metamath-prelude" }
dependencies = [
    { name = "proof-scaffold" },
]

[package.metadata]
requires-dist = [{ name = "proof-scaffold", editable = "../proof-scaffold" }]

[[package]]
name = "proof-scaffold"
version = "0.0.1"
source = { editable = "../proof-scaffold" }
